
Microsoft Visual Studio Solution File, Format Version 12.00
# Visual Studio Version 16
VisualStudioVersion = 16.0.30413.136
MinimumVisualStudioVersion = 10.0.40219.1
Project("{FAE04EC0-301F-11D3-BF4B-00C04F79EFBC}") = "Slutproject3", "Slutproject3.csproj", "{CA02128B-3591-45C1-8286-DBC314CA2864}"
EndProject
Global
	GlobalSection(SolutionConfigurationPlatforms) = preSolution
		Debug|Any CPU = Debug|Any CPU
		Release|Any CPU = Release|Any CPU
	EndGlobalSection
	GlobalSection(ProjectConfigurationPlatforms) = postSolution
		{CA02128B-3591-45C1-8286-DBC314CA2864}.Debug|Any CPU.ActiveCfg = Debug|Any CPU
		{CA02128B-3591-45C1-8286-DBC314CA2864}.Debug|Any CPU.Build.0 = Debug|Any CPU
		{CA02128B-3591-45C1-8286-DBC314CA2864}.Release|Any CPU.ActiveCfg = Release|Any CPU
		{CA02128B-3591-45C1-8286-DBC314CA2864}.Release|Any CPU.Build.0 = Release|Any CPU
	EndGlobalSection
	GlobalSection(SolutionProperties) = preSolution
		HideSolutionNode = FALSE
	EndGlobalSection
	GlobalSection(ExtensibilityGlobals) = postSolution
		SolutionGuid = {1709E5FC-C58B-491E-AA1D-98025148C990}
	EndGlobalSection
EndGlobal
